
Microsoft Visual Studio Solution File, Format Version 12.00
# Visual Studio Version 17
VisualStudioVersion = 17.0.31903.59
MinimumVisualStudioVersion = 10.0.40219.1
Project("{2150E333-8FDC-42A3-9474-1A3956D46DE8}") = "src", "src", "{827E0CD3-B72D-47B6-A68D-7590B98EB39B}"
EndProject
Project("{FAE04EC0-301F-11D3-BF4B-00C04F79EFBC}") = "ProspectbdApprovalDesk.Domain", "src\ProspectbdApprovalDesk.Domain\ProspectbdApprovalDesk.Domain.csproj", "{E0D584FD-F0B2-40D4-BF96-F127B7E58472}"
EndProject
Project("{FAE04EC0-301F-11D3-BF4B-00C04F79EFBC}") = "ProspectbdApprovalDesk.Application", "src\ProspectbdApprovalDesk.Application\ProspectbdApprovalDesk.Application.csproj", "{56156B40-F8AF-4CB2-B909-FC0C6B1776ED}"
EndProject
Project("{FAE04EC0-301F-11D3-BF4B-00C04F79EFBC}") = "ProspectbdApprovalDesk.Infrastructure", "src\ProspectbdApprovalDesk.Infrastructure\ProspectbdApprovalDesk.Infrastructure.csproj", "{254BBBA6-AA50-4257-B9DD-2A5F108E827F}"
EndProject
Project("{FAE04EC0-301F-11D3-BF4B-00C04F79EFBC}") = "ProspectbdApprovalDesk.Api", "src\ProspectbdApprovalDesk.Api\ProspectbdApprovalDesk.Api.csproj", "{D77D2590-3806-45B2-A9E5-2B55740452C1}"
EndProject
Global
	GlobalSection(SolutionConfigurationPlatforms) = preSolution
		Debug|Any CPU = Debug|Any CPU
		Debug|x64 = Debug|x64
		Debug|x86 = Debug|x86
		Release|Any CPU = Release|Any CPU
		Release|x64 = Release|x64
		Release|x86 = Release|x86
	EndGlobalSection
	GlobalSection(ProjectConfigurationPlatforms) = postSolution
		{E0D584FD-F0B2-40D4-BF96-F127B7E58472}.Debug|Any CPU.ActiveCfg = Debug|Any CPU
		{E0D584FD-F0B2-40D4-BF96-F127B7E58472}.Debug|Any CPU.Build.0 = Debug|Any CPU
		{E0D584FD-F0B2-40D4-BF96-F127B7E58472}.Debug|x64.ActiveCfg = Debug|Any CPU
		{E0D584FD-F0B2-40D4-BF96-F127B7E58472}.Debug|x64.Build.0 = Debug|Any CPU
		{E0D584FD-F0B2-40D4-BF96-F127B7E58472}.Debug|x86.ActiveCfg = Debug|Any CPU
		{E0D584FD-F0B2-40D4-BF96-F127B7E58472}.Debug|x86.Build.0 = Debug|Any CPU
		{E0D584FD-F0B2-40D4-BF96-F127B7E58472}.Release|Any CPU.ActiveCfg = Release|Any CPU
		{E0D584FD-F0B2-40D4-BF96-F127B7E58472}.Release|Any CPU.Build.0 = Release|Any CPU
		{E0D584FD-F0B2-40D4-BF96-F127B7E58472}.Release|x64.ActiveCfg = Release|Any CPU
		{E0D584FD-F0B2-40D4-BF96-F127B7E58472}.Release|x64.Build.0 = Release|Any CPU
		{E0D584FD-F0B2-40D4-BF96-F127B7E58472}.Release|x86.ActiveCfg = Release|Any CPU
		{E0D584FD-F0B2-40D4-BF96-F127B7E58472}.Release|x86.Build.0 = Release|Any CPU
		{56156B40-F8AF-4CB2-B909-FC0C6B1776ED}.Debug|Any CPU.ActiveCfg = Debug|Any CPU
		{56156B40-F8AF-4CB2-B909-FC0C6B1776ED}.Debug|Any CPU.Build.0 = Debug|Any CPU
		{56156B40-F8AF-4CB2-B909-FC0C6B1776ED}.Debug|x64.ActiveCfg = Debug|Any CPU
		{56156B40-F8AF-4CB2-B909-FC0C6B1776ED}.Debug|x64.Build.0 = Debug|Any CPU
		{56156B40-F8AF-4CB2-B909-FC0C6B1776ED}.Debug|x86.ActiveCfg = Debug|Any CPU
		{56156B40-F8AF-4CB2-B909-FC0C6B1776ED}.Debug|x86.Build.0 = Debug|Any CPU
		{56156B40-F8AF-4CB2-B909-FC0C6B1776ED}.Release|Any CPU.ActiveCfg = Release|Any CPU
		{56156B40-F8AF-4CB2-B909-FC0C6B1776ED}.Release|Any CPU.Build.0 = Release|Any CPU
		{56156B40-F8AF-4CB2-B909-FC0C6B1776ED}.Release|x64.ActiveCfg = Release|Any CPU
		{56156B40-F8AF-4CB2-B909-FC0C6B1776ED}.Release|x64.Build.0 = Release|Any CPU
		{56156B40-F8AF-4CB2-B909-FC0C6B1776ED}.Release|x86.ActiveCfg = Release|Any CPU
		{56156B40-F8AF-4CB2-B909-FC0C6B1776ED}.Release|x86.Build.0 = Release|Any CPU
		{254BBBA6-AA50-4257-B9DD-2A5F108E827F}.Debug|Any CPU.ActiveCfg = Debug|Any CPU
		{254BBBA6-AA50-4257-B9DD-2A5F108E827F}.Debug|Any CPU.Build.0 = Debug|Any CPU
		{254BBBA6-AA50-4257-B9DD-2A5F108E827F}.Debug|x64.ActiveCfg = Debug|Any CPU
		{254BBBA6-AA50-4257-B9DD-2A5F108E827F}.Debug|x64.Build.0 = Debug|Any CPU
		{254BBBA6-AA50-4257-B9DD-2A5F108E827F}.Debug|x86.ActiveCfg = Debug|Any CPU
		{254BBBA6-AA50-4257-B9DD-2A5F108E827F}.Debug|x86.Build.0 = Debug|Any CPU
		{254BBBA6-AA50-4257-B9DD-2A5F108E827F}.Release|Any CPU.ActiveCfg = Release|Any CPU
		{254BBBA6-AA50-4257-B9DD-2A5F108E827F}.Release|Any CPU.Build.0 = Release|Any CPU
		{254BBBA6-AA50-4257-B9DD-2A5F108E827F}.Release|x64.ActiveCfg = Release|Any CPU
		{254BBBA6-AA50-4257-B9DD-2A5F108E827F}.Release|x64.Build.0 = Release|Any CPU
		{254BBBA6-AA50-4257-B9DD-2A5F108E827F}.Release|x86.ActiveCfg = Release|Any CPU
		{254BBBA6-AA50-4257-B9DD-2A5F108E827F}.Release|x86.Build.0 = Release|Any CPU
		{D77D2590-3806-45B2-A9E5-2B55740452C1}.Debug|Any CPU.ActiveCfg = Debug|Any CPU
		{D77D2590-3806-45B2-A9E5-2B55740452C1}.Debug|Any CPU.Build.0 = Debug|Any CPU
		{D77D2590-3806-45B2-A9E5-2B55740452C1}.Debug|x64.ActiveCfg = Debug|Any CPU
		{D77D2590-3806-45B2-A9E5-2B55740452C1}.Debug|x64.Build.0 = Debug|Any CPU
		{D77D2590-3806-45B2-A9E5-2B55740452C1}.Debug|x86.ActiveCfg = Debug|Any CPU
		{D77D2590-3806-45B2-A9E5-2B55740452C1}.Debug|x86.Build.0 = Debug|Any CPU
		{D77D2590-3806-45B2-A9E5-2B55740452C1}.Release|Any CPU.ActiveCfg = Release|Any CPU
		{D77D2590-3806-45B2-A9E5-2B55740452C1}.Release|Any CPU.Build.0 = Release|Any CPU
		{D77D2590-3806-45B2-A9E5-2B55740452C1}.Release|x64.ActiveCfg = Release|Any CPU
		{D77D2590-3806-45B2-A9E5-2B55740452C1}.Release|x64.Build.0 = Release|Any CPU
		{D77D2590-3806-45B2-A9E5-2B55740452C1}.Release|x86.ActiveCfg = Release|Any CPU
		{D77D2590-3806-45B2-A9E5-2B55740452C1}.Release|x86.Build.0 = Release|Any CPU
	EndGlobalSection
	GlobalSection(SolutionProperties) = preSolution
		HideSolutionNode = FALSE
	EndGlobalSection
	GlobalSection(NestedProjects) = preSolution
		{E0D584FD-F0B2-40D4-BF96-F127B7E58472} = {827E0CD3-B72D-47B6-A68D-7590B98EB39B}
		{56156B40-F8AF-4CB2-B909-FC0C6B1776ED} = {827E0CD3-B72D-47B6-A68D-7590B98EB39B}
		{254BBBA6-AA50-4257-B9DD-2A5F108E827F} = {827E0CD3-B72D-47B6-A68D-7590B98EB39B}
		{D77D2590-3806-45B2-A9E5-2B55740452C1} = {827E0CD3-B72D-47B6-A68D-7590B98EB39B}
	EndGlobalSection
EndGlobal
